Microsoft Visual Studio Solution File, Format Version 11.00
# Visual Studio 2010
Project("{FAE04EC0-301F-11D3-BF4B-00C04F79EFBC}") = "Assembly-CSharp", "Assembly-CSharp.csproj", "{2DA83376-02E5-2DB9-ADCA-6F6CA9E38519}"
EndProject
Project("{FAE04EC0-301F-11D3-BF4B-00C04F79EFBC}") = "Assembly-CSharp-Editor", "Assembly-CSharp-Editor.csproj", "{61BA3DF5-8D73-F729-542E-6CDEA745F6E8}"
EndProject
Global
	GlobalSection(SolutionConfigurationPlatforms) = preSolution
		Debug|Any CPU = Debug|Any CPU
		Release|Any CPU = Release|Any CPU
	EndGlobalSection
	GlobalSection(ProjectConfigurationPlatforms) = postSolution
		{2DA83376-02E5-2DB9-ADCA-6F6CA9E38519}.Debug|Any CPU.ActiveCfg = Debug|Any CPU
		{2DA83376-02E5-2DB9-ADCA-6F6CA9E38519}.Debug|Any CPU.Build.0 = Debug|Any CPU
		{2DA83376-02E5-2DB9-ADCA-6F6CA9E38519}.Release|Any CPU.ActiveCfg = Release|Any CPU
		{2DA83376-02E5-2DB9-ADCA-6F6CA9E38519}.Release|Any CPU.Build.0 = Release|Any CPU
		{61BA3DF5-8D73-F729-542E-6CDEA745F6E8}.Debug|Any CPU.ActiveCfg = Debug|Any CPU
		{61BA3DF5-8D73-F729-542E-6CDEA745F6E8}.Debug|Any CPU.Build.0 = Debug|Any CPU
		{61BA3DF5-8D73-F729-542E-6CDEA745F6E8}.Release|Any CPU.ActiveCfg = Release|Any CPU
		{61BA3DF5-8D73-F729-542E-6CDEA745F6E8}.Release|Any CPU.Build.0 = Release|Any CPU
	EndGlobalSection
	GlobalSection(SolutionProperties) = preSolution
		HideSolutionNode = FALSE
	EndGlobalSection
	GlobalSection(MonoDevelopProperties) = preSolution
		StartupItem = Assembly-CSharp.csproj
	EndGlobalSection
EndGlobal
